
Microsoft Visual Studio Solution File, Format Version 12.00
# Visual Studio Version 17
VisualStudioVersion = 17.9.34723.18
MinimumVisualStudioVersion = 10.0.40219.1
Project("{FAE04EC0-301F-11D3-BF4B-00C04F79EFBC}") = "Consola", "Consola\Consola.csproj", "{7412E269-C16C-4BF9-B9FC-E43911A4A79C}"
EndProject
Global
	GlobalSection(SolutionConfigurationPlatforms) = preSolution
		Debug|Any CPU = Debug|Any CPU
		Release|Any CPU = Release|Any CPU
	EndGlobalSection
	GlobalSection(ProjectConfigurationPlatforms) = postSolution
		{7412E269-C16C-4BF9-B9FC-E43911A4A79C}.Debug|Any CPU.ActiveCfg = Debug|Any CPU
		{7412E269-C16C-4BF9-B9FC-E43911A4A79C}.Debug|Any CPU.Build.0 = Debug|Any CPU
		{7412E269-C16C-4BF9-B9FC-E43911A4A79C}.Release|Any CPU.ActiveCfg = Release|Any CPU
		{7412E269-C16C-4BF9-B9FC-E43911A4A79C}.Release|Any CPU.Build.0 = Release|Any CPU
	EndGlobalSection
	GlobalSection(SolutionProperties) = preSolution
		HideSolutionNode = FALSE
	EndGlobalSection
	GlobalSection(ExtensibilityGlobals) = postSolution
		SolutionGuid = {D80FF09F-C96A-4D84-A8E3-AEC4960ABA9F}
	EndGlobalSection
EndGlobal
